
Microsoft Visual Studio Solution File, Format Version 12.00
# Visual Studio Version 17
VisualStudioVersion = 17.11.35327.3
MinimumVisualStudioVersion = 10.0.40219.1
Project("{FAE04EC0-301F-11D3-BF4B-00C04F79EFBC}") = "ChannelsPubSub", "ChannelsPubSub.csproj", "{66D5E348-6A1C-4900-8DBF-D73BE2D03B1B}"
EndProject
Global
	GlobalSection(SolutionConfigurationPlatforms) = preSolution
		Debug|Any CPU = Debug|Any CPU
		Release|Any CPU = Release|Any CPU
	EndGlobalSection
	GlobalSection(ProjectConfigurationPlatforms) = postSolution
		{66D5E348-6A1C-4900-8DBF-D73BE2D03B1B}.Debug|Any CPU.ActiveCfg = Debug|Any CPU
		{66D5E348-6A1C-4900-8DBF-D73BE2D03B1B}.Debug|Any CPU.Build.0 = Debug|Any CPU
		{66D5E348-6A1C-4900-8DBF-D73BE2D03B1B}.Release|Any CPU.ActiveCfg = Release|Any CPU
		{66D5E348-6A1C-4900-8DBF-D73BE2D03B1B}.Release|Any CPU.Build.0 = Release|Any CPU
	EndGlobalSection
	GlobalSection(SolutionProperties) = preSolution
		HideSolutionNode = FALSE
	EndGlobalSection
	GlobalSection(ExtensibilityGlobals) = postSolution
		SolutionGuid = {A398E27E-8636-4433-9D6A-D2E533A5AA67}
	EndGlobalSection
EndGlobal
